
Microsoft Visual Studio Solution File, Format Version 12.00
# Visual Studio 15
VisualStudioVersion = 15.0.34930.48
MinimumVisualStudioVersion = 10.0.40219.1
Project("{8BC9CEB8-8B4A-11D0-8D11-00A0C91BC942}") = "WinAPI", "WinAPI\WinAPI.vcxproj", "{A6D0468E-3F50-490C-B3F6-FA0C9075771A}"
EndProject
Project("{8BC9CEB8-8B4A-11D0-8D11-00A0C91BC942}") = "ComboBox", "ComboBox\ComboBox.vcxproj", "{E2B3B1A1-4BB5-4D33-9D34-ADDFB25F75D1}"
EndProject
Project("{8BC9CEB8-8B4A-11D0-8D11-00A0C91BC942}") = "MainWindow", "MainWindow\MainWindow.vcxproj", "{829F5F5C-3BA1-421E-94EA-70CF5253696E}"
EndProject
Global
	GlobalSection(SolutionConfigurationPlatforms) = preSolution
		Debug|x64 = Debug|x64
		Debug|x86 = Debug|x86
		Release|x64 = Release|x64
		Release|x86 = Release|x86
	EndGlobalSection
	GlobalSection(ProjectConfigurationPlatforms) = postSolution
		{A6D0468E-3F50-490C-B3F6-FA0C9075771A}.Debug|x64.ActiveCfg = Debug|x64
		{A6D0468E-3F50-490C-B3F6-FA0C9075771A}.Debug|x64.Build.0 = Debug|x64
		{A6D0468E-3F50-490C-B3F6-FA0C9075771A}.Debug|x86.ActiveCfg = Debug|Win32
		{A6D0468E-3F50-490C-B3F6-FA0C9075771A}.Debug|x86.Build.0 = Debug|Win32
		{A6D0468E-3F50-490C-B3F6-FA0C9075771A}.Release|x64.ActiveCfg = Release|x64
		{A6D0468E-3F50-490C-B3F6-FA0C9075771A}.Release|x64.Build.0 = Release|x64
		{A6D0468E-3F50-490C-B3F6-FA0C9075771A}.Release|x86.ActiveCfg = Release|Win32
		{A6D0468E-3F50-490C-B3F6-FA0C9075771A}.Release|x86.Build.0 = Release|Win32
		{E2B3B1A1-4BB5-4D33-9D34-ADDFB25F75D1}.Debug|x64.ActiveCfg = Debug|x64
		{E2B3B1A1-4BB5-4D33-9D34-ADDFB25F75D1}.Debug|x64.Build.0 = Debug|x64
		{E2B3B1A1-4BB5-4D33-9D34-ADDFB25F75D1}.Debug|x86.ActiveCfg = Debug|Win32
		{E2B3B1A1-4BB5-4D33-9D34-ADDFB25F75D1}.Debug|x86.Build.0 = Debug|Win32
		{E2B3B1A1-4BB5-4D33-9D34-ADDFB25F75D1}.Release|x64.ActiveCfg = Release|x64
		{E2B3B1A1-4BB5-4D33-9D34-ADDFB25F75D1}.Release|x64.Build.0 = Release|x64
		{E2B3B1A1-4BB5-4D33-9D34-ADDFB25F75D1}.Release|x86.ActiveCfg = Release|Win32
		{E2B3B1A1-4BB5-4D33-9D34-ADDFB25F75D1}.Release|x86.Build.0 = Release|Win32
		{829F5F5C-3BA1-421E-94EA-70CF5253696E}.Debug|x64.ActiveCfg = Debug|x64
		{829F5F5C-3BA1-421E-94EA-70CF5253696E}.Debug|x64.Build.0 = Debug|x64
		{829F5F5C-3BA1-421E-94EA-70CF5253696E}.Debug|x86.ActiveCfg = Debug|Win32
		{829F5F5C-3BA1-421E-94EA-70CF5253696E}.Debug|x86.Build.0 = Debug|Win32
		{829F5F5C-3BA1-421E-94EA-70CF5253696E}.Release|x64.ActiveCfg = Release|x64
		{829F5F5C-3BA1-421E-94EA-70CF5253696E}.Release|x64.Build.0 = Release|x64
		{829F5F5C-3BA1-421E-94EA-70CF5253696E}.Release|x86.ActiveCfg = Release|Win32
		{829F5F5C-3BA1-421E-94EA-70CF5253696E}.Release|x86.Build.0 = Release|Win32
	EndGlobalSection
	GlobalSection(SolutionProperties) = preSolution
		HideSolutionNode = FALSE
	EndGlobalSection
	GlobalSection(ExtensibilityGlobals) = postSolution
		SolutionGuid = {E423B09D-2823-445C-A310-4B1DF44FEC64}
	EndGlobalSection
EndGlobal
